{
  "name": "partykit",
  "lockfileVersion": 3,
  "requires": true,
  "packages": {
    "": {
      "dependencies": {
        "date-fns-tz": "^3.2.0",
        "partyserver": "^0.0.75"
      }
    },
    "node_modules/@cloudflare/workers-types": {
      "version": "4.20251115.0",
      "resolved": "https://registry.npmjs.org/@cloudflare/workers-types/-/workers-types-4.20251115.0.tgz",
      "integrity": "sha512-aM7jp7IfKhqKvfSaK1IhVTbSzxB6KQ4gX8e/W29tOuZk+YHlYXuRd/bMm4hWkfd7B1HWNWdsx1GTaEUoZIuVsw==",
      "license": "MIT OR Apache-2.0",
      "peer": true
    },
    "node_modules/date-fns": {
      "version": "4.1.0",
      "resolved": "https://registry.npmjs.org/date-fns/-/date-fns-4.1.0.tgz",
      "integrity": "sha512-Ukq0owbQXxa/U3EGtsdVBkR1w7KOQ5gIBqdH2hkvknzZPYvBxb/aa6E8L7tmjFtkwZBu3UXBbjIgPo/Ez4xaNg==",
      "license": "MIT",
      "peer": true,
      "funding": {
        "type": "github",
        "url": "https://github.com/sponsors/kossnocorp"
      }
    },
    "node_modules/date-fns-tz": {
      "version": "3.2.0",
      "resolved": "https://registry.npmjs.org/date-fns-tz/-/date-fns-tz-3.2.0.tgz",
      "integrity": "sha512-sg8HqoTEulcbbbVXeg84u5UnlsQa8GS5QXMqjjYIhS4abEVVKIUwe0/l/UhrZdKaL/W5eWZNlbTeEIiOXTcsBQ==",
      "license": "MIT",
      "peerDependencies": {
        "date-fns": "^3.0.0 || ^4.0.0"
      }
    },
    "node_modules/nanoid": {
      "version": "5.1.6",
      "resolved": "https://registry.npmjs.org/nanoid/-/nanoid-5.1.6.tgz",
      "integrity": "sha512-c7+7RQ+dMB5dPwwCp4ee1/iV/q2P6aK1mTZcfr1BTuVlyW9hJYiMPybJCcnBlQtuSmTIWNeazm/zqNoZSSElBg==",
      "funding": [
        {
          "type": "github",
          "url": "https://github.com/sponsors/ai"
        }
      ],
      "license": "MIT",
      "bin": {
        "nanoid": "bin/nanoid.js"
      },
      "engines": {
        "node": "^18 || >=20"
      }
    },
    "node_modules/partyserver": {
      "version": "0.0.75",
      "resolved": "https://registry.npmjs.org/partyserver/-/partyserver-0.0.75.tgz",
      "integrity": "sha512-i/18vvdxuGjx+rpQ+fDdExlvQoRb7EfTF+6b+kA2ILEpHemtpLWV8NdgDrOPEklRNdCc/4WlzDtYn05d17aZAQ==",
      "license": "ISC",
      "dependencies": {
        "nanoid": "^5.1.6"
      },
      "peerDependencies": {
        "@cloudflare/workers-types": "^4.20240729.0"
      }
    }
  }
}
